{
  "originHash" : "7b5e54f81ac1ebaa640945691cb38c371b637198701f04fba811702fc8e7067e",
  "pins" : [
    {
      "identity" : "sentry-cocoa",
      "kind" : "remoteSourceControl",
      "location" : "https://github.com/getsentry/sentry-cocoa.git",
      "state" : {
        "revision" : "4f135c52afeeb1d6937eb93824c7ec1cddcaa372",
        "version" : "9.30.1"
      }
    }
  ],
  "version" : 3
}
